<Solution>
  <Project Path="Crm.Bpmn/Crm.Bpmn.csproj" />
  <Project Path="Crm.Cli/Crm.Cli.csproj" />
  <Project Path="Crm.Extract/Crm.Extract.csproj" />
  <Project Path="Crm.Ir/Crm.Ir.csproj" />
  <Project Path="Crm.Similarity/Crm.Similarity.csproj" />
  <Project Path="Crm.Tests/Crm.Tests.csproj" />
</Solution>
